
Microsoft Visual Studio Solution File, Format Version 11.00
# Visual Studio 2010
Project("{FAE04EC0-301F-11D3-BF4B-00C04F79EFBC}") = "MixPanel-Droid", "MixPanel-Droid.csproj", "{ACC51AEF-4D43-4881-B432-54F12B3BAC06}"
EndProject
Global
	GlobalSection(SolutionConfigurationPlatforms) = preSolution
		Debug|Any CPU = Debug|Any CPU
		Release|Any CPU = Release|Any CPU
	EndGlobalSection
	GlobalSection(ProjectConfigurationPlatforms) = postSolution
		{ACC51AEF-4D43-4881-B432-54F12B3BAC06}.Debug|Any CPU.ActiveCfg = Debug|Any CPU
		{ACC51AEF-4D43-4881-B432-54F12B3BAC06}.Debug|Any CPU.Build.0 = Debug|Any CPU
		{ACC51AEF-4D43-4881-B432-54F12B3BAC06}.Release|Any CPU.ActiveCfg = Release|Any CPU
		{ACC51AEF-4D43-4881-B432-54F12B3BAC06}.Release|Any CPU.Build.0 = Release|Any CPU
	EndGlobalSection
	GlobalSection(MonoDevelopProperties) = preSolution
		StartupItem = MixPanel-Droid.csproj
	EndGlobalSection
EndGlobal
